
Microsoft Visual Studio Solution File, Format Version 12.00
# Visual Studio Version 17
VisualStudioVersion = 17.0.32014.148
MinimumVisualStudioVersion = 10.0.40219.1
Project("{FAE04EC0-301F-11D3-BF4B-00C04F79EFBC}") = "GUIREV2", "GUIREV2.csproj", "{6A7D7248-7CC9-4EAD-8852-236C6A9D1A10}"
EndProject
Global
	GlobalSection(SolutionConfigurationPlatforms) = preSolution
		Debug|Any CPU = Debug|Any CPU
		Release|Any CPU = Release|Any CPU
	EndGlobalSection
	GlobalSection(ProjectConfigurationPlatforms) = postSolution
		{6A7D7248-7CC9-4EAD-8852-236C6A9D1A10}.Debug|Any CPU.ActiveCfg = Debug|Any CPU
		{6A7D7248-7CC9-4EAD-8852-236C6A9D1A10}.Debug|Any CPU.Build.0 = Debug|Any CPU
		{6A7D7248-7CC9-4EAD-8852-236C6A9D1A10}.Release|Any CPU.ActiveCfg = Release|Any CPU
		{6A7D7248-7CC9-4EAD-8852-236C6A9D1A10}.Release|Any CPU.Build.0 = Release|Any CPU
	EndGlobalSection
	GlobalSection(SolutionProperties) = preSolution
		HideSolutionNode = FALSE
	EndGlobalSection
	GlobalSection(ExtensibilityGlobals) = postSolution
		SolutionGuid = {AE69C2D6-E680-4724-B36F-D04CC5C20E8C}
	EndGlobalSection
EndGlobal
