
Microsoft Visual Studio Solution File, Format Version 12.00
# Visual Studio Version 17
VisualStudioVersion = 17.0.32014.148
MinimumVisualStudioVersion = 10.0.40219.1
Project("{FAE04EC0-301F-11D3-BF4B-00C04F79EFBC}") = "WindowsFormsApp1", "WindowsFormsApp1.csproj", "{ED46A77C-80FD-4E70-9E86-45777734E0C0}"
EndProject
Global
	GlobalSection(SolutionConfigurationPlatforms) = preSolution
		Debug|Any CPU = Debug|Any CPU
		Release|Any CPU = Release|Any CPU
	EndGlobalSection
	GlobalSection(ProjectConfigurationPlatforms) = postSolution
		{ED46A77C-80FD-4E70-9E86-45777734E0C0}.Debug|Any CPU.ActiveCfg = Debug|Any CPU
		{ED46A77C-80FD-4E70-9E86-45777734E0C0}.Debug|Any CPU.Build.0 = Debug|Any CPU
		{ED46A77C-80FD-4E70-9E86-45777734E0C0}.Release|Any CPU.ActiveCfg = Release|Any CPU
		{ED46A77C-80FD-4E70-9E86-45777734E0C0}.Release|Any CPU.Build.0 = Release|Any CPU
	EndGlobalSection
	GlobalSection(SolutionProperties) = preSolution
		HideSolutionNode = FALSE
	EndGlobalSection
	GlobalSection(ExtensibilityGlobals) = postSolution
		SolutionGuid = {637D8293-0F7C-4F8B-8216-4AD46D668551}
	EndGlobalSection
EndGlobal
